
Microsoft Visual Studio Solution File, Format Version 12.00
# Visual Studio Version 17
VisualStudioVersion = 17.0.31903.59
MinimumVisualStudioVersion = 10.0.40219.1
Project("{2150E333-8FDC-42A3-9474-1A3956D46DE8}") = "Dependency_Inversion_Principle", "Dependency_Inversion_Principle", "{9EE508F8-68DF-4BA4-9DD3-CF7CF57494A5}"
EndProject
Project("{2150E333-8FDC-42A3-9474-1A3956D46DE8}") = "Before", "Before", "{F658645D-FDB7-434C-8BAB-FB5B0CE4E84E}"
EndProject
Project("{9A19103F-16F7-4668-BE54-9A1E7A4F7556}") = "EmailUtility", "Dependency_Inversion_Principle\Before\EmailUtility\EmailUtility.csproj", "{B5DFA92E-C7E7-4772-8725-9FFF857FC301}"
EndProject
Project("{9A19103F-16F7-4668-BE54-9A1E7A4F7556}") = "App", "Dependency_Inversion_Principle\Before\App\App.csproj", "{544CFCE5-3362-4FF6-A174-42CE6C123088}"
EndProject
Project("{2150E333-8FDC-42A3-9474-1A3956D46DE8}") = "After", "After", "{6CE91BE9-B6F6-40A4-B926-4D922116B263}"
EndProject
Project("{9A19103F-16F7-4668-BE54-9A1E7A4F7556}") = "DIP.After.App", "Dependency_Inversion_Principle\After\DIP.After.App\DIP.After.App.csproj", "{036D3407-F177-4476-9433-CB4BE69FA4FE}"
EndProject
Project("{9A19103F-16F7-4668-BE54-9A1E7A4F7556}") = "DIP.After.Abstraction", "Dependency_Inversion_Principle\After\DIP.After.Abstraction\DIP.After.Abstraction.csproj", "{2BD45883-1CE3-4A1E-95CC-5784B69C3BC7}"
EndProject
Project("{9A19103F-16F7-4668-BE54-9A1E7A4F7556}") = "DIP.After.EmailFactory", "Dependency_Inversion_Principle\After\DIP.After.EmailFactory\DIP.After.EmailFactory.csproj", "{89168434-A008-4FC5-A387-1AA8EB8D4A48}"
EndProject
Project("{9A19103F-16F7-4668-BE54-9A1E7A4F7556}") = "DIP.After.EmailSender", "Dependency_Inversion_Principle\After\DIP.After.EmailSender\DIP.After.EmailSender.csproj", "{88DD5779-5989-4D89-A1D6-483495C0BDA0}"
EndProject
Project("{9A19103F-16F7-4668-BE54-9A1E7A4F7556}") = "DIP.After.Services", "Dependency_Inversion_Principle\After\DIP.After.Services\DIP.After.Services.csproj", "{1D42E2A6-8A5C-49ED-BA5D-FD611C1F6999}"
EndProject
Global
	GlobalSection(SolutionConfigurationPlatforms) = preSolution
		Debug|Any CPU = Debug|Any CPU
		Release|Any CPU = Release|Any CPU
	EndGlobalSection
	GlobalSection(ProjectConfigurationPlatforms) = postSolution
		{B5DFA92E-C7E7-4772-8725-9FFF857FC301}.Debug|Any CPU.ActiveCfg = Debug|Any CPU
		{B5DFA92E-C7E7-4772-8725-9FFF857FC301}.Debug|Any CPU.Build.0 = Debug|Any CPU
		{B5DFA92E-C7E7-4772-8725-9FFF857FC301}.Release|Any CPU.ActiveCfg = Release|Any CPU
		{B5DFA92E-C7E7-4772-8725-9FFF857FC301}.Release|Any CPU.Build.0 = Release|Any CPU
		{544CFCE5-3362-4FF6-A174-42CE6C123088}.Debug|Any CPU.ActiveCfg = Debug|Any CPU
		{544CFCE5-3362-4FF6-A174-42CE6C123088}.Debug|Any CPU.Build.0 = Debug|Any CPU
		{544CFCE5-3362-4FF6-A174-42CE6C123088}.Release|Any CPU.ActiveCfg = Release|Any CPU
		{544CFCE5-3362-4FF6-A174-42CE6C123088}.Release|Any CPU.Build.0 = Release|Any CPU
		{036D3407-F177-4476-9433-CB4BE69FA4FE}.Debug|Any CPU.ActiveCfg = Debug|Any CPU
		{036D3407-F177-4476-9433-CB4BE69FA4FE}.Debug|Any CPU.Build.0 = Debug|Any CPU
		{036D3407-F177-4476-9433-CB4BE69FA4FE}.Release|Any CPU.ActiveCfg = Release|Any CPU
		{036D3407-F177-4476-9433-CB4BE69FA4FE}.Release|Any CPU.Build.0 = Release|Any CPU
		{2BD45883-1CE3-4A1E-95CC-5784B69C3BC7}.Debug|Any CPU.ActiveCfg = Debug|Any CPU
		{2BD45883-1CE3-4A1E-95CC-5784B69C3BC7}.Debug|Any CPU.Build.0 = Debug|Any CPU
		{2BD45883-1CE3-4A1E-95CC-5784B69C3BC7}.Release|Any CPU.ActiveCfg = Release|Any CPU
		{2BD45883-1CE3-4A1E-95CC-5784B69C3BC7}.Release|Any CPU.Build.0 = Release|Any CPU
		{89168434-A008-4FC5-A387-1AA8EB8D4A48}.Debug|Any CPU.ActiveCfg = Debug|Any CPU
		{89168434-A008-4FC5-A387-1AA8EB8D4A48}.Debug|Any CPU.Build.0 = Debug|Any CPU
		{89168434-A008-4FC5-A387-1AA8EB8D4A48}.Release|Any CPU.ActiveCfg = Release|Any CPU
		{89168434-A008-4FC5-A387-1AA8EB8D4A48}.Release|Any CPU.Build.0 = Release|Any CPU
		{88DD5779-5989-4D89-A1D6-483495C0BDA0}.Debug|Any CPU.ActiveCfg = Debug|Any CPU
		{88DD5779-5989-4D89-A1D6-483495C0BDA0}.Debug|Any CPU.Build.0 = Debug|Any CPU
		{88DD5779-5989-4D89-A1D6-483495C0BDA0}.Release|Any CPU.ActiveCfg = Release|Any CPU
		{88DD5779-5989-4D89-A1D6-483495C0BDA0}.Release|Any CPU.Build.0 = Release|Any CPU
		{1D42E2A6-8A5C-49ED-BA5D-FD611C1F6999}.Debug|Any CPU.ActiveCfg = Debug|Any CPU
		{1D42E2A6-8A5C-49ED-BA5D-FD611C1F6999}.Debug|Any CPU.Build.0 = Debug|Any CPU
		{1D42E2A6-8A5C-49ED-BA5D-FD611C1F6999}.Release|Any CPU.ActiveCfg = Release|Any CPU
		{1D42E2A6-8A5C-49ED-BA5D-FD611C1F6999}.Release|Any CPU.Build.0 = Release|Any CPU
	EndGlobalSection
	GlobalSection(SolutionProperties) = preSolution
		HideSolutionNode = FALSE
	EndGlobalSection
	GlobalSection(NestedProjects) = preSolution
		{F658645D-FDB7-434C-8BAB-FB5B0CE4E84E} = {9EE508F8-68DF-4BA4-9DD3-CF7CF57494A5}
		{B5DFA92E-C7E7-4772-8725-9FFF857FC301} = {F658645D-FDB7-434C-8BAB-FB5B0CE4E84E}
		{544CFCE5-3362-4FF6-A174-42CE6C123088} = {F658645D-FDB7-434C-8BAB-FB5B0CE4E84E}
		{6CE91BE9-B6F6-40A4-B926-4D922116B263} = {9EE508F8-68DF-4BA4-9DD3-CF7CF57494A5}
		{036D3407-F177-4476-9433-CB4BE69FA4FE} = {6CE91BE9-B6F6-40A4-B926-4D922116B263}
		{2BD45883-1CE3-4A1E-95CC-5784B69C3BC7} = {6CE91BE9-B6F6-40A4-B926-4D922116B263}
		{89168434-A008-4FC5-A387-1AA8EB8D4A48} = {6CE91BE9-B6F6-40A4-B926-4D922116B263}
		{88DD5779-5989-4D89-A1D6-483495C0BDA0} = {6CE91BE9-B6F6-40A4-B926-4D922116B263}
		{1D42E2A6-8A5C-49ED-BA5D-FD611C1F6999} = {6CE91BE9-B6F6-40A4-B926-4D922116B263}
	EndGlobalSection
	GlobalSection(ExtensibilityGlobals) = postSolution
		SolutionGuid = {8A8069ED-A3B0-4658-950D-E94B49505F12}
	EndGlobalSection
EndGlobal
